
Microsoft Visual Studio Solution File, Format Version 12.00
# Visual Studio 15
VisualStudioVersion = 15.0.28307.421
MinimumVisualStudioVersion = 10.0.40219.1
Project("{FAE04EC0-301F-11D3-BF4B-00C04F79EFBC}") = "WebAPI", "WebAPI\WebAPI.csproj", "{7E82E7A4-5CA9-4303-8C9C-3D1B9093D8CE}"
EndProject
Global
	GlobalSection(SolutionConfigurationPlatforms) = preSolution
		Debug|Any CPU = Debug|Any CPU
		Release|Any CPU = Release|Any CPU
	EndGlobalSection
	GlobalSection(ProjectConfigurationPlatforms) = postSolution
		{7E82E7A4-5CA9-4303-8C9C-3D1B9093D8CE}.Debug|Any CPU.ActiveCfg = Debug|Any CPU
		{7E82E7A4-5CA9-4303-8C9C-3D1B9093D8CE}.Debug|Any CPU.Build.0 = Debug|Any CPU
		{7E82E7A4-5CA9-4303-8C9C-3D1B9093D8CE}.Release|Any CPU.ActiveCfg = Release|Any CPU
		{7E82E7A4-5CA9-4303-8C9C-3D1B9093D8CE}.Release|Any CPU.Build.0 = Release|Any CPU
	EndGlobalSection
	GlobalSection(SolutionProperties) = preSolution
		HideSolutionNode = FALSE
	EndGlobalSection
	GlobalSection(ExtensibilityGlobals) = postSolution
		SolutionGuid = {6420BD6B-F87A-4AAC-A278-DD28BB9ED10D}
	EndGlobalSection
EndGlobal
